// !$*UTF8*$!
{
	archiveVersion = 1;
	classes = {
	};
	objectVersion = 48;
	objects = {

/* Begin PBXBuildFile section */
		35C0211ED18E2EBBCB06F9C3 /* UsingColorModelTests.swift in Sources */ = {isa = PBXBuildFile; fileRef = 35C02C6912AFD8A05324643D /* UsingColorModelTests.swift */; };
		35C0223F0877BFD933028C8C /* DotButtonColorModelTestDouble.swift in Sources */ = {isa = PBXBuildFile; fileRef = 35C02B97D7F1E5053934C937 /* DotButtonColorModelTestDouble.swift */; };
		35C022C6E678EBE05D6CCB79 /* DotButtonColorModel.swift in Sources */ = {isa = PBXBuildFile; fileRef = 35C02F3C723AFFE66C6645FD /* DotButtonColorModel.swift */; };
		35C022F29768FBFAE72AFDC6 /* RestartButtonController.swift in Sources */ = {isa = PBXBuildFile; fileRef = 35C024C317C7C27106896F07 /* RestartButtonController.swift */; };
		35C0233E975C4949CF1A1E72 /* ColorRepositoryTestDouble.swift in Sources */ = {isa = PBXBuildFile; fileRef = 35C027D2F4365117A5EDFF5E /* ColorRepositoryTestDouble.swift */; };
		35C024DA5E192C17DF05ADF9 /* DotButtonCountModelTests.swift in Sources */ = {isa = PBXBuildFile; fileRef = 35C0246ABE2043C3C615564B /* DotButtonCountModelTests.swift */; };
		35C025317C2A2649F18E55F8 /* UsingColorModelProtocol.swift in Sources */ = {isa = PBXBuildFile; fileRef = 35C02140A771264B60D8A007 /* UsingColorModelProtocol.swift */; };
		35C0268445990D96D4553C45 /* DotButtonModel.swift in Sources */ = {isa = PBXBuildFile; fileRef = 35C023BC4A772A6A35AC5938 /* DotButtonModel.swift */; };
		35C026CCEA272D8A9E62B7FD /* DotButtonCountModel.swift in Sources */ = {isa = PBXBuildFile; fileRef = 35C026A92CA0212261F75177 /* DotButtonCountModel.swift */; };
		35C028F073DC632BD5B8DA5B /* DotButtonCountModelProtocol.swift in Sources */ = {isa = PBXBuildFile; fileRef = 35C02821392C2C8F5C2F6020 /* DotButtonCountModelProtocol.swift */; };
		35C02960F9A6AF49431A99D7 /* DotButtonColorModelProtocol.swift in Sources */ = {isa = PBXBuildFile; fileRef = 35C02883CDA815226AA96440 /* DotButtonColorModelProtocol.swift */; };
		35C02CF3647939B690C1E0E9 /* DotButtonControllerHolder.swift in Sources */ = {isa = PBXBuildFile; fileRef = 35C02572C431FD114D4B0ED2 /* DotButtonControllerHolder.swift */; };
		35C02D833B8CD70AD8732660 /* DotButtonColorFactoryTests.swift in Sources */ = {isa = PBXBuildFile; fileRef = 35C02372D9B8680BAE92C5F6 /* DotButtonColorFactoryTests.swift */; };
		35C02D94C449EA44364CB7AD /* DotSheetTestDouble.swift in Sources */ = {isa = PBXBuildFile; fileRef = 35C024C539D8C43C6B097A19 /* DotSheetTestDouble.swift */; };
		35C02DB059F8DD41E0A43518 /* DotButtonCountRepositoryTestDouble.swift in Sources */ = {isa = PBXBuildFile; fileRef = 35C02BA918991E228A4A7A3B /* DotButtonCountRepositoryTestDouble.swift */; };
		35C02DCD375143601C24F360 /* UsingColorModelTestDouble.swift in Sources */ = {isa = PBXBuildFile; fileRef = 35C02CC504CF64B9975F348B /* UsingColorModelTestDouble.swift */; };
		35C02DE7326649F35542E178 /* DotButtonCountModelTestDouble.swift in Sources */ = {isa = PBXBuildFile; fileRef = 35C02C39F0ACE2D42B62EF71 /* DotButtonCountModelTestDouble.swift */; };
		35C02DEC239E76F9D4367ADC /* UsingColorModel.swift in Sources */ = {isa = PBXBuildFile; fileRef = 35C02EA4D9B3C4494E7D271E /* UsingColorModel.swift */; };
		35C02E5ECA037C67104485FA /* SixDotButtonsController.swift in Sources */ = {isa = PBXBuildFile; fileRef = 35C02EB25EC42C14B956BF7A /* SixDotButtonsController.swift */; };
		35C02F13147723A66AD25C7A /* FourDotButtonsController.swift in Sources */ = {isa = PBXBuildFile; fileRef = 35C02267ADE76969F1402397 /* FourDotButtonsController.swift */; };
		35C02F91248816C307667518 /* SixDotButtonsPassiveView.swift in Sources */ = {isa = PBXBuildFile; fileRef = 35C022E3F7EE930165B39C7E /* SixDotButtonsPassiveView.swift */; };
		35C02FD170EBE2FF229023EF /* EightDotButtonsController.swift in Sources */ = {isa = PBXBuildFile; fileRef = 35C022359C16E299C5AE09B0 /* EightDotButtonsController.swift */; };
		35C02FF0891606A1EEC434F6 /* EightDotButtonsPassiveView.swift in Sources */ = {isa = PBXBuildFile; fileRef = 35C02DD4D10B317F69713B09 /* EightDotButtonsPassiveView.swift */; };
		3E332E872090B925001AB310 /* DotSheetResetModel.swift in Sources */ = {isa = PBXBuildFile; fileRef = 3E332E862090B925001AB310 /* DotSheetResetModel.swift */; };
		3E332E8A2091777A001AB310 /* DotFactory.swift in Sources */ = {isa = PBXBuildFile; fileRef = 3E332E892091777A001AB310 /* DotFactory.swift */; };
		3E332E8E20917C6A001AB310 /* DotSheetResetModelTests.swift in Sources */ = {isa = PBXBuildFile; fileRef = 3E332E8D20917C6A001AB310 /* DotSheetResetModelTests.swift */; };
		3E332E9020919838001AB310 /* DotSheetModelFactoryTestDouble.swift in Sources */ = {isa = PBXBuildFile; fileRef = 3E332E8F20919838001AB310 /* DotSheetModelFactoryTestDouble.swift */; };
		3E332E9B2091C468001AB310 /* DotSheetModelFactory.swift in Sources */ = {isa = PBXBuildFile; fileRef = 3E332E9A2091C468001AB310 /* DotSheetModelFactory.swift */; };
		3E332E9E2091C4BE001AB310 /* ColorRepository.swift in Sources */ = {isa = PBXBuildFile; fileRef = 3E332E9D2091C4BE001AB310 /* ColorRepository.swift */; };
		3E332EA22091EAAF001AB310 /* DotButtonModelTests.swift in Sources */ = {isa = PBXBuildFile; fileRef = 3E332EA12091EAAF001AB310 /* DotButtonModelTests.swift */; };
		3E332EA72091F105001AB310 /* DotFactoryTests.swift in Sources */ = {isa = PBXBuildFile; fileRef = 3E332EA62091F105001AB310 /* DotFactoryTests.swift */; };
		3E332EAA2091F170001AB310 /* ColorRepositoryTests.swift in Sources */ = {isa = PBXBuildFile; fileRef = 3E332EA92091F170001AB310 /* ColorRepositoryTests.swift */; };
		3E332EDA20920A6C001AB310 /* DotSheet.swift in Sources */ = {isa = PBXBuildFile; fileRef = 3E332ED920920A6C001AB310 /* DotSheet.swift */; };
		3E3AD3F1208F2D4300F1347A /* DotButton.swift in Sources */ = {isa = PBXBuildFile; fileRef = 3E3AD3F0208F2D4300F1347A /* DotButton.swift */; };
		3E3AD3F9208F352300F1347A /* MainRootView.xib in Resources */ = {isa = PBXBuildFile; fileRef = 3E3AD3F8208F352300F1347A /* MainRootView.xib */; };
		3E3AD3FB208F353500F1347A /* MainRootView.swift in Sources */ = {isa = PBXBuildFile; fileRef = 3E3AD3FA208F353500F1347A /* MainRootView.swift */; };
		3E3AD3FE208F36DF00F1347A /* DotSheetView.xib in Resources */ = {isa = PBXBuildFile; fileRef = 3E3AD3FD208F36DF00F1347A /* DotSheetView.xib */; };
		3E3AD400208F36FA00F1347A /* DotView.swift in Sources */ = {isa = PBXBuildFile; fileRef = 3E3AD3FF208F36FA00F1347A /* DotView.swift */; };
		3E3AD402208F37BC00F1347A /* DotSheetView.swift in Sources */ = {isa = PBXBuildFile; fileRef = 3E3AD401208F37BC00F1347A /* DotSheetView.swift */; };
		3E3AD40420905DEB00F1347A /* Dot.swift in Sources */ = {isa = PBXBuildFile; fileRef = 3E3AD40320905DEB00F1347A /* Dot.swift */; };
		3E3AD4082090735500F1347A /* Color.swift in Sources */ = {isa = PBXBuildFile; fileRef = 3E3AD4072090735500F1347A /* Color.swift */; };
		3E3AD40C209073BB00F1347A /* DotViewFactory.swift in Sources */ = {isa = PBXBuildFile; fileRef = 3E3AD40B209073BB00F1347A /* DotViewFactory.swift */; };
		3E3AD40E2090741D00F1347A /* DotSheetModel.swift in Sources */ = {isa = PBXBuildFile; fileRef = 3E3AD40D2090741D00F1347A /* DotSheetModel.swift */; };
		3E3AD4102090844900F1347A /* DotSheetModelTests.swift in Sources */ = {isa = PBXBuildFile; fileRef = 3E3AD40F2090844900F1347A /* DotSheetModelTests.swift */; };
		3E3AD4162090983000F1347A /* DotSheetModelProtocol.swift in Sources */ = {isa = PBXBuildFile; fileRef = 3E3AD4152090983000F1347A /* DotSheetModelProtocol.swift */; };
		3E3AD41D2090A57400F1347A /* DotSheetPassiveView.swift in Sources */ = {isa = PBXBuildFile; fileRef = 3E3AD41C2090A57400F1347A /* DotSheetPassiveView.swift */; };
		3E3AD4212090B3D700F1347A /* DotButtonPassiveView.swift in Sources */ = {isa = PBXBuildFile; fileRef = 3E3AD4202090B3D700F1347A /* DotButtonPassiveView.swift */; };
		3E6CD52620997B5400890894 /* FourDotButtonsView.swift in Sources */ = {isa = PBXBuildFile; fileRef = 3E6CD52520997B5400890894 /* FourDotButtonsView.swift */; };
		3E6CD52820997B6000890894 /* SixDotButtonsView.swift in Sources */ = {isa = PBXBuildFile; fileRef = 3E6CD52720997B6000890894 /* SixDotButtonsView.swift */; };
		3E6CD52A20997B7C00890894 /* EightDotButtonsView.swift in Sources */ = {isa = PBXBuildFile; fileRef = 3E6CD52920997B7C00890894 /* EightDotButtonsView.swift */; };
		3E6CD52C20997D2A00890894 /* FourDotButtonsPassiveView.swift in Sources */ = {isa = PBXBuildFile; fileRef = 3E6CD52B20997D2A00890894 /* FourDotButtonsPassiveView.swift */; };
		3E8D4D4D208F010C00FE36E1 /* AppDelegate.swift in Sources */ = {isa = PBXBuildFile; fileRef = 3E8D4D4C208F010C00FE36E1 /* AppDelegate.swift */; };
		3E8D4D4F208F010C00FE36E1 /* ViewController.swift in Sources */ = {isa = PBXBuildFile; fileRef = 3E8D4D4E208F010C00FE36E1 /* ViewController.swift */; };
		3E8D4D52208F010C00FE36E1 /* Main.storyboard in Resources */ = {isa = PBXBuildFile; fileRef = 3E8D4D50208F010C00FE36E1 /* Main.storyboard */; };
		3E8D4D54208F010C00FE36E1 /* Assets.xcassets in Resources */ = {isa = PBXBuildFile; fileRef = 3E8D4D53208F010C00FE36E1 /* Assets.xcassets */; };
		3E8D4D57208F010C00FE36E1 /* LaunchScreen.storyboard in Resources */ = {isa = PBXBuildFile; fileRef = 3E8D4D55208F010C00FE36E1 /* LaunchScreen.storyboard */; };
		3E8D4D62208F010C00FE36E1 /* DotTapTests.swift in Sources */ = {isa = PBXBuildFile; fileRef = 3E8D4D61208F010C00FE36E1 /* DotTapTests.swift */; };
		3E8D4D6D208F010C00FE36E1 /* DotTapUITests.swift in Sources */ = {isa = PBXBuildFile; fileRef = 3E8D4D6C208F010C00FE36E1 /* DotTapUITests.swift */; };
		3EC0D5902099BBE1005964FE /* EightDotButtonsView.xib in Resources */ = {isa = PBXBuildFile; fileRef = 3EC0D58F2099BBE1005964FE /* EightDotButtonsView.xib */; };
		3EC3C81320922B9300FD8E65 /* RestartButton.swift in Sources */ = {isa = PBXBuildFile; fileRef = 3EC3C81220922B9300FD8E65 /* RestartButton.swift */; };
		3EC3C8172092445C00FD8E65 /* DotButtonCountRepository.swift in Sources */ = {isa = PBXBuildFile; fileRef = 3EC3C8162092445C00FD8E65 /* DotButtonCountRepository.swift */; };
		3EC3C8192092447D00FD8E65 /* DotButtonCount.swift in Sources */ = {isa = PBXBuildFile; fileRef = 3EC3C8182092447D00FD8E65 /* DotButtonCount.swift */; };
		3ECA3CED2099A6BF002CE63A /* FourDotButtonsView.xib in Resources */ = {isa = PBXBuildFile; fileRef = 3ECB3151209991AE003F104A /* FourDotButtonsView.xib */; };
		3ECB314F20999167003F104A /* SixDotButtonsView.xib in Resources */ = {isa = PBXBuildFile; fileRef = 3ECB314E20999167003F104A /* SixDotButtonsView.xib */; };
/* End PBXBuildFile section */

/* Begin PBXContainerItemProxy section */
		3E8D4D5E208F010C00FE36E1 /* PBXContainerItemProxy */ = {
			isa = PBXContainerItemProxy;
			containerPortal = 3E8D4D41208F010C00FE36E1 /* Project object */;
			proxyType = 1;
			remoteGlobalIDString = 3E8D4D48208F010C00FE36E1;
			remoteInfo = RxExample;
		};
		3E8D4D69208F010C00FE36E1 /* PBXContainerItemProxy */ = {
			isa = PBXContainerItemProxy;
			containerPortal = 3E8D4D41208F010C00FE36E1 /* Project object */;
			proxyType = 1;
			remoteGlobalIDString = 3E8D4D48208F010C00FE36E1;
			remoteInfo = RxExample;
		};
/* End PBXContainerItemProxy section */

/* Begin PBXFileReference section */
		35C02140A771264B60D8A007 /* UsingColorModelProtocol.swift */ = {isa = PBXFileReference; fileEncoding = 4; lastKnownFileType = sourcecode.swift; path = UsingColorModelProtocol.swift; sourceTree = "<group>"; };
		35C022359C16E299C5AE09B0 /* EightDotButtonsController.swift */ = {isa = PBXFileReference; fileEncoding = 4; lastKnownFileType = sourcecode.swift; path = EightDotButtonsController.swift; sourceTree = "<group>"; };
		35C02267ADE76969F1402397 /* FourDotButtonsController.swift */ = {isa = PBXFileReference; fileEncoding = 4; lastKnownFileType = sourcecode.swift; path = FourDotButtonsController.swift; sourceTree = "<group>"; };
		35C022E3F7EE930165B39C7E /* SixDotButtonsPassiveView.swift */ = {isa = PBXFileReference; fileEncoding = 4; lastKnownFileType = sourcecode.swift; path = SixDotButtonsPassiveView.swift; sourceTree = "<group>"; };
		35C02372D9B8680BAE92C5F6 /* DotButtonColorFactoryTests.swift */ = {isa = PBXFileReference; fileEncoding = 4; lastKnownFileType = sourcecode.swift; path = DotButtonColorFactoryTests.swift; sourceTree = "<group>"; };
		35C023BC4A772A6A35AC5938 /* DotButtonModel.swift */ = {isa = PBXFileReference; fileEncoding = 4; lastKnownFileType = sourcecode.swift; path = DotButtonModel.swift; sourceTree = "<group>"; };
		35C0246ABE2043C3C615564B /* DotButtonCountModelTests.swift */ = {isa = PBXFileReference; fileEncoding = 4; lastKnownFileType = sourcecode.swift; path = DotButtonCountModelTests.swift; sourceTree = "<group>"; };
		35C024C317C7C27106896F07 /* RestartButtonController.swift */ = {isa = PBXFileReference; fileEncoding = 4; lastKnownFileType = sourcecode.swift; path = RestartButtonController.swift; sourceTree = "<group>"; };
		35C024C539D8C43C6B097A19 /* DotSheetTestDouble.swift */ = {isa = PBXFileReference; fileEncoding = 4; lastKnownFileType = sourcecode.swift; path = DotSheetTestDouble.swift; sourceTree = "<group>"; };
		35C02572C431FD114D4B0ED2 /* DotButtonControllerHolder.swift */ = {isa = PBXFileReference; fileEncoding = 4; lastKnownFileType = sourcecode.swift; path = DotButtonControllerHolder.swift; sourceTree = "<group>"; };
		35C026A92CA0212261F75177 /* DotButtonCountModel.swift */ = {isa = PBXFileReference; fileEncoding = 4; lastKnownFileType = sourcecode.swift; path = DotButtonCountModel.swift; sourceTree = "<group>"; };
		35C027D2F4365117A5EDFF5E /* ColorRepositoryTestDouble.swift */ = {isa = PBXFileReference; fileEncoding = 4; lastKnownFileType = sourcecode.swift; path = ColorRepositoryTestDouble.swift; sourceTree = "<group>"; };
		35C02821392C2C8F5C2F6020 /* DotButtonCountModelProtocol.swift */ = {isa = PBXFileReference; fileEncoding = 4; lastKnownFileType = sourcecode.swift; path = DotButtonCountModelProtocol.swift; sourceTree = "<group>"; };
		35C02883CDA815226AA96440 /* DotButtonColorModelProtocol.swift */ = {isa = PBXFileReference; fileEncoding = 4; lastKnownFileType = sourcecode.swift; path = DotButtonColorModelProtocol.swift; sourceTree = "<group>"; };
		35C02B97D7F1E5053934C937 /* DotButtonColorModelTestDouble.swift */ = {isa = PBXFileReference; fileEncoding = 4; lastKnownFileType = sourcecode.swift; path = DotButtonColorModelTestDouble.swift; sourceTree = "<group>"; };
		35C02BA918991E228A4A7A3B /* DotButtonCountRepositoryTestDouble.swift */ = {isa = PBXFileReference; fileEncoding = 4; lastKnownFileType = sourcecode.swift; path = DotButtonCountRepositoryTestDouble.swift; sourceTree = "<group>"; };
		35C02C39F0ACE2D42B62EF71 /* DotButtonCountModelTestDouble.swift */ = {isa = PBXFileReference; fileEncoding = 4; lastKnownFileType = sourcecode.swift; path = DotButtonCountModelTestDouble.swift; sourceTree = "<group>"; };
		35C02C6912AFD8A05324643D /* UsingColorModelTests.swift */ = {isa = PBXFileReference; fileEncoding = 4; lastKnownFileType = sourcecode.swift; path = UsingColorModelTests.swift; sourceTree = "<group>"; };
		35C02CC504CF64B9975F348B /* UsingColorModelTestDouble.swift */ = {isa = PBXFileReference; fileEncoding = 4; lastKnownFileType = sourcecode.swift; path = UsingColorModelTestDouble.swift; sourceTree = "<group>"; };
		35C02DD4D10B317F69713B09 /* EightDotButtonsPassiveView.swift */ = {isa = PBXFileReference; fileEncoding = 4; lastKnownFileType = sourcecode.swift; path = EightDotButtonsPassiveView.swift; sourceTree = "<group>"; };
		35C02EA4D9B3C4494E7D271E /* UsingColorModel.swift */ = {isa = PBXFileReference; fileEncoding = 4; lastKnownFileType = sourcecode.swift; path = UsingColorModel.swift; sourceTree = "<group>"; };
		35C02EB25EC42C14B956BF7A /* SixDotButtonsController.swift */ = {isa = PBXFileReference; fileEncoding = 4; lastKnownFileType = sourcecode.swift; path = SixDotButtonsController.swift; sourceTree = "<group>"; };
		35C02F3C723AFFE66C6645FD /* DotButtonColorModel.swift */ = {isa = PBXFileReference; fileEncoding = 4; lastKnownFileType = sourcecode.swift; path = DotButtonColorModel.swift; sourceTree = "<group>"; };
		3E332E862090B925001AB310 /* DotSheetResetModel.swift */ = {isa = PBXFileReference; lastKnownFileType = sourcecode.swift; path = DotSheetResetModel.swift; sourceTree = "<group>"; };
		3E332E892091777A001AB310 /* DotFactory.swift */ = {isa = PBXFileReference; lastKnownFileType = sourcecode.swift; path = DotFactory.swift; sourceTree = "<group>"; };
		3E332E8D20917C6A001AB310 /* DotSheetResetModelTests.swift */ = {isa = PBXFileReference; lastKnownFileType = sourcecode.swift; path = DotSheetResetModelTests.swift; sourceTree = "<group>"; };
		3E332E8F20919838001AB310 /* DotSheetModelFactoryTestDouble.swift */ = {isa = PBXFileReference; lastKnownFileType = sourcecode.swift; path = DotSheetModelFactoryTestDouble.swift; sourceTree = "<group>"; };
		3E332E9A2091C468001AB310 /* DotSheetModelFactory.swift */ = {isa = PBXFileReference; lastKnownFileType = sourcecode.swift; path = DotSheetModelFactory.swift; sourceTree = "<group>"; };
		3E332E9D2091C4BE001AB310 /* ColorRepository.swift */ = {isa = PBXFileReference; lastKnownFileType = sourcecode.swift; path = ColorRepository.swift; sourceTree = "<group>"; };
		3E332EA12091EAAF001AB310 /* DotButtonModelTests.swift */ = {isa = PBXFileReference; lastKnownFileType = sourcecode.swift; path = DotButtonModelTests.swift; sourceTree = "<group>"; };
		3E332EA62091F105001AB310 /* DotFactoryTests.swift */ = {isa = PBXFileReference; lastKnownFileType = sourcecode.swift; path = DotFactoryTests.swift; sourceTree = "<group>"; };
		3E332EA92091F170001AB310 /* ColorRepositoryTests.swift */ = {isa = PBXFileReference; lastKnownFileType = sourcecode.swift; path = ColorRepositoryTests.swift; sourceTree = "<group>"; };
		3E332ED920920A6C001AB310 /* DotSheet.swift */ = {isa = PBXFileReference; lastKnownFileType = sourcecode.swift; path = DotSheet.swift; sourceTree = "<group>"; };
		3E3AD3F0208F2D4300F1347A /* DotButton.swift */ = {isa = PBXFileReference; lastKnownFileType = sourcecode.swift; path = DotButton.swift; sourceTree = "<group>"; };
		3E3AD3F8208F352300F1347A /* MainRootView.xib */ = {isa = PBXFileReference; lastKnownFileType = file.xib; path = MainRootView.xib; sourceTree = "<group>"; };
		3E3AD3FA208F353500F1347A /* MainRootView.swift */ = {isa = PBXFileReference; lastKnownFileType = sourcecode.swift; path = MainRootView.swift; sourceTree = "<group>"; };
		3E3AD3FD208F36DF00F1347A /* DotSheetView.xib */ = {isa = PBXFileReference; lastKnownFileType = file.xib; path = DotSheetView.xib; sourceTree = "<group>"; };
		3E3AD3FF208F36FA00F1347A /* DotView.swift */ = {isa = PBXFileReference; lastKnownFileType = sourcecode.swift; path = DotView.swift; sourceTree = "<group>"; };
		3E3AD401208F37BC00F1347A /* DotSheetView.swift */ = {isa = PBXFileReference; lastKnownFileType = sourcecode.swift; path = DotSheetView.swift; sourceTree = "<group>"; };
		3E3AD40320905DEB00F1347A /* Dot.swift */ = {isa = PBXFileReference; lastKnownFileType = sourcecode.swift; path = Dot.swift; sourceTree = "<group>"; };
		3E3AD4072090735500F1347A /* Color.swift */ = {isa = PBXFileReference; lastKnownFileType = sourcecode.swift; path = Color.swift; sourceTree = "<group>"; };
		3E3AD40B209073BB00F1347A /* DotViewFactory.swift */ = {isa = PBXFileReference; lastKnownFileType = sourcecode.swift; path = DotViewFactory.swift; sourceTree = "<group>"; };
		3E3AD40D2090741D00F1347A /* DotSheetModel.swift */ = {isa = PBXFileReference; lastKnownFileType = sourcecode.swift; path = DotSheetModel.swift; sourceTree = "<group>"; };
		3E3AD40F2090844900F1347A /* DotSheetModelTests.swift */ = {isa = PBXFileReference; lastKnownFileType = sourcecode.swift; path = DotSheetModelTests.swift; sourceTree = "<group>"; };
		3E3AD4152090983000F1347A /* DotSheetModelProtocol.swift */ = {isa = PBXFileReference; lastKnownFileType = sourcecode.swift; path = DotSheetModelProtocol.swift; sourceTree = "<group>"; };
		3E3AD41C2090A57400F1347A /* DotSheetPassiveView.swift */ = {isa = PBXFileReference; lastKnownFileType = sourcecode.swift; path = DotSheetPassiveView.swift; sourceTree = "<group>"; };
		3E3AD4202090B3D700F1347A /* DotButtonPassiveView.swift */ = {isa = PBXFileReference; lastKnownFileType = sourcecode.swift; path = DotButtonPassiveView.swift; sourceTree = "<group>"; };
		3E6CD52520997B5400890894 /* FourDotButtonsView.swift */ = {isa = PBXFileReference; lastKnownFileType = sourcecode.swift; path = FourDotButtonsView.swift; sourceTree = "<group>"; };
		3E6CD52720997B6000890894 /* SixDotButtonsView.swift */ = {isa = PBXFileReference; lastKnownFileType = sourcecode.swift; path = SixDotButtonsView.swift; sourceTree = "<group>"; };
		3E6CD52920997B7C00890894 /* EightDotButtonsView.swift */ = {isa = PBXFileReference; lastKnownFileType = sourcecode.swift; path = EightDotButtonsView.swift; sourceTree = "<group>"; };
		3E6CD52B20997D2A00890894 /* FourDotButtonsPassiveView.swift */ = {isa = PBXFileReference; lastKnownFileType = sourcecode.swift; path = FourDotButtonsPassiveView.swift; sourceTree = "<group>"; };
		3E8D4D49208F010C00FE36E1 /* DotTap.app */ = {isa = PBXFileReference; explicitFileType = wrapper.application; includeInIndex = 0; path = DotTap.app; sourceTree = BUILT_PRODUCTS_DIR; };
		3E8D4D4C208F010C00FE36E1 /* AppDelegate.swift */ = {isa = PBXFileReference; lastKnownFileType = sourcecode.swift; path = AppDelegate.swift; sourceTree = "<group>"; };
		3E8D4D4E208F010C00FE36E1 /* ViewController.swift */ = {isa = PBXFileReference; lastKnownFileType = sourcecode.swift; path = ViewController.swift; sourceTree = "<group>"; };
		3E8D4D51208F010C00FE36E1 /* Base */ = {isa = PBXFileReference; lastKnownFileType = file.storyboard; name = Base; path = Base.lproj/Main.storyboard; sourceTree = "<group>"; };
		3E8D4D53208F010C00FE36E1 /* Assets.xcassets */ = {isa = PBXFileReference; lastKnownFileType = folder.assetcatalog; path = Assets.xcassets; sourceTree = "<group>"; };
		3E8D4D56208F010C00FE36E1 /* Base */ = {isa = PBXFileReference; lastKnownFileType = file.storyboard; name = Base; path = Base.lproj/LaunchScreen.storyboard; sourceTree = "<group>"; };
		3E8D4D58208F010C00FE36E1 /* Info.plist */ = {isa = PBXFileReference; lastKnownFileType = text.plist.xml; path = Info.plist; sourceTree = "<group>"; };
		3E8D4D5D208F010C00FE36E1 /* DotTapTests.xctest */ = {isa = PBXFileReference; explicitFileType = wrapper.cfbundle; includeInIndex = 0; path = DotTapTests.xctest; sourceTree = BUILT_PRODUCTS_DIR; };
		3E8D4D61208F010C00FE36E1 /* DotTapTests.swift */ = {isa = PBXFileReference; lastKnownFileType = sourcecode.swift; path = DotTapTests.swift; sourceTree = "<group>"; };
		3E8D4D63208F010C00FE36E1 /* Info.plist */ = {isa = PBXFileReference; lastKnownFileType = text.plist.xml; path = Info.plist; sourceTree = "<group>"; };
		3E8D4D68208F010C00FE36E1 /* DotTapUITests.xctest */ = {isa = PBXFileReference; explicitFileType = wrapper.cfbundle; includeInIndex = 0; path = DotTapUITests.xctest; sourceTree = BUILT_PRODUCTS_DIR; };
		3E8D4D6C208F010C00FE36E1 /* DotTapUITests.swift */ = {isa = PBXFileReference; lastKnownFileType = sourcecode.swift; path = DotTapUITests.swift; sourceTree = "<group>"; };
		3E8D4D6E208F010D00FE36E1 /* Info.plist */ = {isa = PBXFileReference; lastKnownFileType = text.plist.xml; path = Info.plist; sourceTree = "<group>"; };
		3EC0D58F2099BBE1005964FE /* EightDotButtonsView.xib */ = {isa = PBXFileReference; lastKnownFileType = file.xib; path = EightDotButtonsView.xib; sourceTree = "<group>"; };
		3EC3C81220922B9300FD8E65 /* RestartButton.swift */ = {isa = PBXFileReference; lastKnownFileType = sourcecode.swift; path = RestartButton.swift; sourceTree = "<group>"; };
		3EC3C8162092445C00FD8E65 /* DotButtonCountRepository.swift */ = {isa = PBXFileReference; lastKnownFileType = sourcecode.swift; path = DotButtonCountRepository.swift; sourceTree = "<group>"; };
		3EC3C8182092447D00FD8E65 /* DotButtonCount.swift */ = {isa = PBXFileReference; lastKnownFileType = sourcecode.swift; path = DotButtonCount.swift; sourceTree = "<group>"; };
		3ECB314E20999167003F104A /* SixDotButtonsView.xib */ = {isa = PBXFileReference; lastKnownFileType = file.xib; path = SixDotButtonsView.xib; sourceTree = "<group>"; };
		3ECB3151209991AE003F104A /* FourDotButtonsView.xib */ = {isa = PBXFileReference; lastKnownFileType = file.xib; path = FourDotButtonsView.xib; sourceTree = "<group>"; };
/* End PBXFileReference section */

/* Begin PBXFrameworksBuildPhase section */
		3E8D4D46208F010C00FE36E1 /* Frameworks */ = {
			isa = PBXFrameworksBuildPhase;
			buildActionMask = 2147483647;
			files = (
			);
			runOnlyForDeploymentPostprocessing = 0;
		};
		3E8D4D5A208F010C00FE36E1 /* Frameworks */ = {
			isa = PBXFrameworksBuildPhase;
			buildActionMask = 2147483647;
			files = (
			);
			runOnlyForDeploymentPostprocessing = 0;
		};
		3E8D4D65208F010C00FE36E1 /* Frameworks */ = {
			isa = PBXFrameworksBuildPhase;
			buildActionMask = 2147483647;
			files = (
			);
			runOnlyForDeploymentPostprocessing = 0;
		};
/* End PBXFrameworksBuildPhase section */

/* Begin PBXGroup section */
		35C020681C7CF7BE90747575 /* TestDouble */ = {
			isa = PBXGroup;
			children = (
				35C02C39F0ACE2D42B62EF71 /* DotButtonCountModelTestDouble.swift */,
				35C02B97D7F1E5053934C937 /* DotButtonColorModelTestDouble.swift */,
			);
			path = TestDouble;
			sourceTree = "<group>";
		};
		35C021805508FB0F0D5563F5 /* TestDouble */ = {
			isa = PBXGroup;
			children = (
				35C024C539D8C43C6B097A19 /* DotSheetTestDouble.swift */,
			);
			path = TestDouble;
			sourceTree = "<group>";
		};
		35C021C6F32117FF8F9EFED3 /* DotButtonCount */ = {
			isa = PBXGroup;
			children = (
				35C0246ABE2043C3C615564B /* DotButtonCountModelTests.swift */,
				35C02E16F4D5A66A667E0E86 /* TestDouble */,
			);
			path = DotButtonCount;
			sourceTree = "<group>";
		};
		35C02390EF387058B4EE6FB3 /* Controller */ = {
			isa = PBXGroup;
			children = (
				35C022359C16E299C5AE09B0 /* EightDotButtonsController.swift */,
				35C02EB25EC42C14B956BF7A /* SixDotButtonsController.swift */,
				35C02267ADE76969F1402397 /* FourDotButtonsController.swift */,
				35C02572C431FD114D4B0ED2 /* DotButtonControllerHolder.swift */,
			);
			path = Controller;
			sourceTree = "<group>";
		};
		35C024C3C80BA14FA68952DC /* Model */ = {
			isa = PBXGroup;
			children = (
				35C02821392C2C8F5C2F6020 /* DotButtonCountModelProtocol.swift */,
				35C026A92CA0212261F75177 /* DotButtonCountModel.swift */,
			);
			path = Model;
			sourceTree = "<group>";
		};
		35C02918F15A977165AFB925 /* Model */ = {
			isa = PBXGroup;
			children = (
				35C02140A771264B60D8A007 /* UsingColorModelProtocol.swift */,
				35C02EA4D9B3C4494E7D271E /* UsingColorModel.swift */,
			);
			path = Model;
			sourceTree = "<group>";
		};
		35C029EF3EEE8A725B65C6D4 /* Controller */ = {
			isa = PBXGroup;
			children = (
				35C024C317C7C27106896F07 /* RestartButtonController.swift */,
			);
			path = Controller;
			sourceTree = "<group>";
		};
		35C02A856EB4262740F349B0 /* UsingColor */ = {
			isa = PBXGroup;
			children = (
				35C02C6912AFD8A05324643D /* UsingColorModelTests.swift */,
				35C02CC504CF64B9975F348B /* UsingColorModelTestDouble.swift */,
			);
			path = UsingColor;
			sourceTree = "<group>";
		};
		35C02E16F4D5A66A667E0E86 /* TestDouble */ = {
			isa = PBXGroup;
			children = (
				35C02BA918991E228A4A7A3B /* DotButtonCountRepositoryTestDouble.swift */,
			);
			path = TestDouble;
			sourceTree = "<group>";
		};
		35C02E54081A40CFE71ECA04 /* UsingColor */ = {
			isa = PBXGroup;
			children = (
				35C02918F15A977165AFB925 /* Model */,
			);
			path = UsingColor;
			sourceTree = "<group>";
		};
		3E332E882090B9B5001AB310 /* Model */ = {
			isa = PBXGroup;
			children = (
				3E3AD40D2090741D00F1347A /* DotSheetModel.swift */,
				3E3AD4152090983000F1347A /* DotSheetModelProtocol.swift */,
				3E332E862090B925001AB310 /* DotSheetResetModel.swift */,
				3E332E9A2091C468001AB310 /* DotSheetModelFactory.swift */,
			);
			path = Model;
			sourceTree = "<group>";
		};
		3E332E932091BEE6001AB310 /* DotSheet */ = {
			isa = PBXGroup;
			children = (
				3E332ED920920A6C001AB310 /* DotSheet.swift */,
				3E3AD4092090737300F1347A /* View */,
				3E332E882090B9B5001AB310 /* Model */,
			);
			path = DotSheet;
			sourceTree = "<group>";
		};
		3E332E9C2091C49D001AB310 /* Color */ = {
			isa = PBXGroup;
			children = (
				3E3AD4072090735500F1347A /* Color.swift */,
				3E332E9D2091C4BE001AB310 /* ColorRepository.swift */,
			);
			path = Color;
			sourceTree = "<group>";
		};
		3E332EA32091F0C1001AB310 /* DotButton */ = {
			isa = PBXGroup;
			children = (
				3E332EA12091EAAF001AB310 /* DotButtonModelTests.swift */,
				35C020681C7CF7BE90747575 /* TestDouble */,
				35C021C6F32117FF8F9EFED3 /* DotButtonCount */,
				35C02372D9B8680BAE92C5F6 /* DotButtonColorFactoryTests.swift */,
			);
			path = DotButton;
			sourceTree = "<group>";
		};
		3E332EA42091F0D2001AB310 /* Dot */ = {
			isa = PBXGroup;
			children = (
				3E332EA52091F0DA001AB310 /* DotSheet */,
				3E332EA32091F0C1001AB310 /* DotButton */,
				3E332EA62091F105001AB310 /* DotFactoryTests.swift */,
				35C021805508FB0F0D5563F5 /* TestDouble */,
			);
			path = Dot;
			sourceTree = "<group>";
		};
		3E332EA52091F0DA001AB310 /* DotSheet */ = {
			isa = PBXGroup;
			children = (
				3E332E8D20917C6A001AB310 /* DotSheetResetModelTests.swift */,
				3E3AD40F2090844900F1347A /* DotSheetModelTests.swift */,
				3E332E8F20919838001AB310 /* DotSheetModelFactoryTestDouble.swift */,
			);
			path = DotSheet;
			sourceTree = "<group>";
		};
		3E332EA82091F15E001AB310 /* Color */ = {
			isa = PBXGroup;
			children = (
				3E332EA92091F170001AB310 /* ColorRepositoryTests.swift */,
				35C027D2F4365117A5EDFF5E /* ColorRepositoryTestDouble.swift */,
			);
			path = Color;
			sourceTree = "<group>";
		};
		3E3AD3F6208F34A900F1347A /* DotButton */ = {
			isa = PBXGroup;
			children = (
				3EDD97BC2094700D0002E5BA /* DotButtonCount */,
				3EC3C8152092443B00FD8E65 /* Model */,
				3E3AD40A2090739000F1347A /* View */,
				35C02390EF387058B4EE6FB3 /* Controller */,
			);
			path = DotButton;
			sourceTree = "<group>";
		};
		3E3AD3F7208F34D100F1347A /* Main */ = {
			isa = PBXGroup;
			children = (
				3E8D4D4E208F010C00FE36E1 /* ViewController.swift */,
				3E8D4D87208F0D6000FE36E1 /* View */,
			);
			path = Main;
			sourceTree = "<group>";
		};
		3E3AD3FC208F36BE00F1347A /* Dot */ = {
			isa = PBXGroup;
			children = (
				3E3AD40320905DEB00F1347A /* Dot.swift */,
				3E332E892091777A001AB310 /* DotFactory.swift */,
				3E332E932091BEE6001AB310 /* DotSheet */,
				3E3AD3F6208F34A900F1347A /* DotButton */,
			);
			path = Dot;
			sourceTree = "<group>";
		};
		3E3AD4092090737300F1347A /* View */ = {
			isa = PBXGroup;
			children = (
				3E3AD41C2090A57400F1347A /* DotSheetPassiveView.swift */,
				3E3AD3FD208F36DF00F1347A /* DotSheetView.xib */,
				3E3AD401208F37BC00F1347A /* DotSheetView.swift */,
				3E3AD3FF208F36FA00F1347A /* DotView.swift */,
				3E3AD40B209073BB00F1347A /* DotViewFactory.swift */,
			);
			path = View;
			sourceTree = "<group>";
		};
		3E3AD40A2090739000F1347A /* View */ = {
			isa = PBXGroup;
			children = (
				3E6CD52420997B3100890894 /* FourDotButtons */,
				3E6CD52320997B2900890894 /* SixDotButtons */,
				3E6CD52220997B2500890894 /* EightDotButtons */,
				3E3AD3F0208F2D4300F1347A /* DotButton.swift */,
				3E3AD4202090B3D700F1347A /* DotButtonPassiveView.swift */,
			);
			path = View;
			sourceTree = "<group>";
		};
		3E6CD52220997B2500890894 /* EightDotButtons */ = {
			isa = PBXGroup;
			children = (
				3E6CD52920997B7C00890894 /* EightDotButtonsView.swift */,
				3EC0D58F2099BBE1005964FE /* EightDotButtonsView.xib */,
				35C02DD4D10B317F69713B09 /* EightDotButtonsPassiveView.swift */,
			);
			path = EightDotButtons;
			sourceTree = "<group>";
		};
		3E6CD52320997B2900890894 /* SixDotButtons */ = {
			isa = PBXGroup;
			children = (
				3E6CD52720997B6000890894 /* SixDotButtonsView.swift */,
				3ECB314E20999167003F104A /* SixDotButtonsView.xib */,
				35C022E3F7EE930165B39C7E /* SixDotButtonsPassiveView.swift */,
			);
			path = SixDotButtons;
			sourceTree = "<group>";
		};
		3E6CD52420997B3100890894 /* FourDotButtons */ = {
			isa = PBXGroup;
			children = (
				3E6CD52520997B5400890894 /* FourDotButtonsView.swift */,
				3E6CD52B20997D2A00890894 /* FourDotButtonsPassiveView.swift */,
				3ECB3151209991AE003F104A /* FourDotButtonsView.xib */,
			);
			path = FourDotButtons;
			sourceTree = "<group>";
		};
		3E8D4D40208F010C00FE36E1 = {
			isa = PBXGroup;
			children = (
				3E8D4D4B208F010C00FE36E1 /* DotTap */,
				3E8D4D60208F010C00FE36E1 /* DotTapTests */,
				3E8D4D6B208F010C00FE36E1 /* DotTapUITests */,
				3E8D4D4A208F010C00FE36E1 /* Products */,
			);
			sourceTree = "<group>";
		};
		3E8D4D4A208F010C00FE36E1 /* Products */ = {
			isa = PBXGroup;
			children = (
				3E8D4D49208F010C00FE36E1 /* DotTap.app */,
				3E8D4D5D208F010C00FE36E1 /* DotTapTests.xctest */,
				3E8D4D68208F010C00FE36E1 /* DotTapUITests.xctest */,
			);
			name = Products;
			sourceTree = "<group>";
		};
		3E8D4D4B208F010C00FE36E1 /* DotTap */ = {
			isa = PBXGroup;
			children = (
				3EC3C81020922B2000FD8E65 /* Restart */,
				3E3AD3F7208F34D100F1347A /* Main */,
				3E332E9C2091C49D001AB310 /* Color */,
				3E3AD3FC208F36BE00F1347A /* Dot */,
				3E8D4D4C208F010C00FE36E1 /* AppDelegate.swift */,
				3E8D4D53208F010C00FE36E1 /* Assets.xcassets */,
				3E8D4D55208F010C00FE36E1 /* LaunchScreen.storyboard */,
				3E8D4D58208F010C00FE36E1 /* Info.plist */,
				35C02E54081A40CFE71ECA04 /* UsingColor */,
			);
			path = DotTap;
			sourceTree = "<group>";
		};
		3E8D4D60208F010C00FE36E1 /* DotTapTests */ = {
			isa = PBXGroup;
			children = (
				3E8D4D61208F010C00FE36E1 /* DotTapTests.swift */,
				3E332EA82091F15E001AB310 /* Color */,
				3E332EA42091F0D2001AB310 /* Dot */,
				3E8D4D63208F010C00FE36E1 /* Info.plist */,
				35C02A856EB4262740F349B0 /* UsingColor */,
			);
			path = DotTapTests;
			sourceTree = "<group>";
		};
		3E8D4D6B208F010C00FE36E1 /* DotTapUITests */ = {
			isa = PBXGroup;
			children = (
				3E8D4D6C208F010C00FE36E1 /* DotTapUITests.swift */,
				3E8D4D6E208F010D00FE36E1 /* Info.plist */,
			);
			path = DotTapUITests;
			sourceTree = "<group>";
		};
		3E8D4D87208F0D6000FE36E1 /* View */ = {
			isa = PBXGroup;
			children = (
				3E8D4D50208F010C00FE36E1 /* Main.storyboard */,
				3E3AD3F8208F352300F1347A /* MainRootView.xib */,
				3E3AD3FA208F353500F1347A /* MainRootView.swift */,
			);
			path = View;
			sourceTree = "<group>";
		};
		3EC3C81020922B2000FD8E65 /* Restart */ = {
			isa = PBXGroup;
			children = (
				3EC3C81120922B8800FD8E65 /* View */,
				35C029EF3EEE8A725B65C6D4 /* Controller */,
			);
			path = Restart;
			sourceTree = "<group>";
		};
		3EC3C81120922B8800FD8E65 /* View */ = {
			isa = PBXGroup;
			children = (
				3EC3C81220922B9300FD8E65 /* RestartButton.swift */,
			);
			path = View;
			sourceTree = "<group>";
		};
		3EC3C8152092443B00FD8E65 /* Model */ = {
			isa = PBXGroup;
			children = (
				35C02883CDA815226AA96440 /* DotButtonColorModelProtocol.swift */,
				35C02F3C723AFFE66C6645FD /* DotButtonColorModel.swift */,
				35C023BC4A772A6A35AC5938 /* DotButtonModel.swift */,
			);
			path = Model;
			sourceTree = "<group>";
		};
		3EDD97BC2094700D0002E5BA /* DotButtonCount */ = {
			isa = PBXGroup;
			children = (
				3EC3C8162092445C00FD8E65 /* DotButtonCountRepository.swift */,
				3EC3C8182092447D00FD8E65 /* DotButtonCount.swift */,
				35C024C3C80BA14FA68952DC /* Model */,
			);
			path = DotButtonCount;
			sourceTree = "<group>";
		};
/* End PBXGroup section */

/* Begin PBXNativeTarget section */
		3E8D4D48208F010C00FE36E1 /* DotTap */ = {
			isa = PBXNativeTarget;
			buildConfigurationList = 3E8D4D71208F010D00FE36E1 /* Build configuration list for PBXNativeTarget "DotTap" */;
			buildPhases = (
				3E8D4D45208F010C00FE36E1 /* Sources */,
				3E8D4D46208F010C00FE36E1 /* Frameworks */,
				3E8D4D47208F010C00FE36E1 /* Resources */,
				3E8D4D83208F041A00FE36E1 /* Carthage */,
			);
			buildRules = (
			);
			dependencies = (
			);
			name = DotTap;
			productName = RxExample;
			productReference = 3E8D4D49208F010C00FE36E1 /* DotTap.app */;
			productType = "com.apple.product-type.application";
		};
		3E8D4D5C208F010C00FE36E1 /* DotTapTests */ = {
			isa = PBXNativeTarget;
			buildConfigurationList = 3E8D4D74208F010D00FE36E1 /* Build configuration list for PBXNativeTarget "DotTapTests" */;
			buildPhases = (
				3E8D4D59208F010C00FE36E1 /* Sources */,
				3E8D4D5A208F010C00FE36E1 /* Frameworks */,
				3E8D4D5B208F010C00FE36E1 /* Resources */,
				3E3AD41420908DD800F1347A /* Carthage */,
			);
			buildRules = (
			);
			dependencies = (
				3E8D4D5F208F010C00FE36E1 /* PBXTargetDependency */,
			);
			name = DotTapTests;
			productName = RxExampleTests;
			productReference = 3E8D4D5D208F010C00FE36E1 /* DotTapTests.xctest */;
			productType = "com.apple.product-type.bundle.unit-test";
		};
		3E8D4D67208F010C00FE36E1 /* DotTapUITests */ = {
			isa = PBXNativeTarget;
			buildConfigurationList = 3E8D4D77208F010D00FE36E1 /* Build configuration list for PBXNativeTarget "DotTapUITests" */;
			buildPhases = (
				3E8D4D64208F010C00FE36E1 /* Sources */,
				3E8D4D65208F010C00FE36E1 /* Frameworks */,
				3E8D4D66208F010C00FE36E1 /* Resources */,
			);
			buildRules = (
			);
			dependencies = (
				3E8D4D6A208F010C00FE36E1 /* PBXTargetDependency */,
			);
			name = DotTapUITests;
			productName = RxExampleUITests;
			productReference = 3E8D4D68208F010C00FE36E1 /* DotTapUITests.xctest */;
			productType = "com.apple.product-type.bundle.ui-testing";
		};
/* End PBXNativeTarget section */

/* Begin PBXProject section */
		3E8D4D41208F010C00FE36E1 /* Project object */ = {
			isa = PBXProject;
			attributes = {
				LastSwiftUpdateCheck = 0920;
				LastUpgradeCheck = 0920;
				ORGANIZATIONNAME = yokoyas000;
				TargetAttributes = {
					3E8D4D48208F010C00FE36E1 = {
						CreatedOnToolsVersion = 9.2;
						ProvisioningStyle = Automatic;
					};
					3E8D4D5C208F010C00FE36E1 = {
						CreatedOnToolsVersion = 9.2;
						ProvisioningStyle = Automatic;
						TestTargetID = 3E8D4D48208F010C00FE36E1;
					};
					3E8D4D67208F010C00FE36E1 = {
						CreatedOnToolsVersion = 9.2;
						ProvisioningStyle = Automatic;
						TestTargetID = 3E8D4D48208F010C00FE36E1;
					};
				};
			};
			buildConfigurationList = 3E8D4D44208F010C00FE36E1 /* Build configuration list for PBXProject "DotTap" */;
			compatibilityVersion = "Xcode 8.0";
			developmentRegion = en;
			hasScannedForEncodings = 0;
			knownRegions = (
				en,
				Base,
			);
			mainGroup = 3E8D4D40208F010C00FE36E1;
			productRefGroup = 3E8D4D4A208F010C00FE36E1 /* Products */;
			projectDirPath = "";
			projectRoot = "";
			targets = (
				3E8D4D48208F010C00FE36E1 /* DotTap */,
				3E8D4D5C208F010C00FE36E1 /* DotTapTests */,
				3E8D4D67208F010C00FE36E1 /* DotTapUITests */,
			);
		};
/* End PBXProject section */

/* Begin PBXResourcesBuildPhase section */
		3E8D4D47208F010C00FE36E1 /* Resources */ = {
			isa = PBXResourcesBuildPhase;
			buildActionMask = 2147483647;
			files = (
				3E8D4D57208F010C00FE36E1 /* LaunchScreen.storyboard in Resources */,
				3ECA3CED2099A6BF002CE63A /* FourDotButtonsView.xib in Resources */,
				3E8D4D54208F010C00FE36E1 /* Assets.xcassets in Resources */,
				3EC0D5902099BBE1005964FE /* EightDotButtonsView.xib in Resources */,
				3E3AD3F9208F352300F1347A /* MainRootView.xib in Resources */,
				3E3AD3FE208F36DF00F1347A /* DotSheetView.xib in Resources */,
				3E8D4D52208F010C00FE36E1 /* Main.storyboard in Resources */,
				3ECB314F20999167003F104A /* SixDotButtonsView.xib in Resources */,
			);
			runOnlyForDeploymentPostprocessing = 0;
		};
		3E8D4D5B208F010C00FE36E1 /* Resources */ = {
			isa = PBXResourcesBuildPhase;
			buildActionMask = 2147483647;
			files = (
			);
			runOnlyForDeploymentPostprocessing = 0;
		};
		3E8D4D66208F010C00FE36E1 /* Resources */ = {
			isa = PBXResourcesBuildPhase;
			buildActionMask = 2147483647;
			files = (
			);
			runOnlyForDeploymentPostprocessing = 0;
		};
/* End PBXResourcesBuildPhase section */

/* Begin PBXShellScriptBuildPhase section */
		3E3AD41420908DD800F1347A /* Carthage */ = {
			isa = PBXShellScriptBuildPhase;
			buildActionMask = 2147483647;
			files = (
			);
			inputPaths = (
				"$(SRCROOT)/Carthage/Build/iOS/RxBlocking.framework",
				"$(SRCROOT)/Carthage/Build/iOS/RxTest.framework",
				"$(SRCROOT)/Carthage/Build/iOS/MirrorDiffKit.framework",
			);
			name = Carthage;
			outputPaths = (
			);
			runOnlyForDeploymentPostprocessing = 0;
			shellPath = /bin/sh;
			shellScript = "/usr/local/bin/carthage copy-frameworks";
		};
		3E8D4D83208F041A00FE36E1 /* Carthage */ = {
			isa = PBXShellScriptBuildPhase;
			buildActionMask = 2147483647;
			files = (
			);
			inputPaths = (
				"$(SRCROOT)/Carthage/Build/iOS/RxSwift.framework",
				"$(SRCROOT)/Carthage/Build/iOS/RxCocoa.framework",
				"$(SRCROOT)/Carthage/Build/iOS/SnapKit.framework",
			);
			name = Carthage;
			outputPaths = (
			);
			runOnlyForDeploymentPostprocessing = 0;
			shellPath = /bin/sh;
			shellScript = "/usr/local/bin/carthage copy-frameworks";
		};
/* End PBXShellScriptBuildPhase section */

/* Begin PBXSourcesBuildPhase section */
		3E8D4D45208F010C00FE36E1 /* Sources */ = {
			isa = PBXSourcesBuildPhase;
			buildActionMask = 2147483647;
			files = (
				3E3AD40C209073BB00F1347A /* DotViewFactory.swift in Sources */,
				3E3AD402208F37BC00F1347A /* DotSheetView.swift in Sources */,
				3EC3C8192092447D00FD8E65 /* DotButtonCount.swift in Sources */,
				3E6CD52C20997D2A00890894 /* FourDotButtonsPassiveView.swift in Sources */,
				3E3AD400208F36FA00F1347A /* DotView.swift in Sources */,
				3E6CD52620997B5400890894 /* FourDotButtonsView.swift in Sources */,
				3E3AD4082090735500F1347A /* Color.swift in Sources */,
				3EC3C8172092445C00FD8E65 /* DotButtonCountRepository.swift in Sources */,
				3E332E872090B925001AB310 /* DotSheetResetModel.swift in Sources */,
				3E8D4D4F208F010C00FE36E1 /* ViewController.swift in Sources */,
				3E332E8A2091777A001AB310 /* DotFactory.swift in Sources */,
				3E332EDA20920A6C001AB310 /* DotSheet.swift in Sources */,
				3E8D4D4D208F010C00FE36E1 /* AppDelegate.swift in Sources */,
				3E332E9B2091C468001AB310 /* DotSheetModelFactory.swift in Sources */,
				3E332E9E2091C4BE001AB310 /* ColorRepository.swift in Sources */,
				3E3AD4212090B3D700F1347A /* DotButtonPassiveView.swift in Sources */,
				3E3AD40E2090741D00F1347A /* DotSheetModel.swift in Sources */,
				3E3AD40420905DEB00F1347A /* Dot.swift in Sources */,
				3E3AD41D2090A57400F1347A /* DotSheetPassiveView.swift in Sources */,
				3EC3C81320922B9300FD8E65 /* RestartButton.swift in Sources */,
				3E3AD4162090983000F1347A /* DotSheetModelProtocol.swift in Sources */,
				3E3AD3FB208F353500F1347A /* MainRootView.swift in Sources */,
				3E3AD3F1208F2D4300F1347A /* DotButton.swift in Sources */,
				35C025317C2A2649F18E55F8 /* UsingColorModelProtocol.swift in Sources */,
				3E6CD52820997B6000890894 /* SixDotButtonsView.swift in Sources */,
				35C02DEC239E76F9D4367ADC /* UsingColorModel.swift in Sources */,
				3E6CD52A20997B7C00890894 /* EightDotButtonsView.swift in Sources */,
				35C028F073DC632BD5B8DA5B /* DotButtonCountModelProtocol.swift in Sources */,
				35C026CCEA272D8A9E62B7FD /* DotButtonCountModel.swift in Sources */,
				35C02960F9A6AF49431A99D7 /* DotButtonColorModelProtocol.swift in Sources */,
				35C022C6E678EBE05D6CCB79 /* DotButtonColorModel.swift in Sources */,
				35C02FD170EBE2FF229023EF /* EightDotButtonsController.swift in Sources */,
				35C02E5ECA037C67104485FA /* SixDotButtonsController.swift in Sources */,
				35C02F13147723A66AD25C7A /* FourDotButtonsController.swift in Sources */,
				35C02CF3647939B690C1E0E9 /* DotButtonControllerHolder.swift in Sources */,
				35C0268445990D96D4553C45 /* DotButtonModel.swift in Sources */,
				35C022F29768FBFAE72AFDC6 /* RestartButtonController.swift in Sources */,
				35C02DB059F8DD41E0A43518 /* DotButtonCountRepositoryTestDouble.swift in Sources */,
				35C02F91248816C307667518 /* SixDotButtonsPassiveView.swift in Sources */,
				35C02FF0891606A1EEC434F6 /* EightDotButtonsPassiveView.swift in Sources */,
			);
			runOnlyForDeploymentPostprocessing = 0;
		};
		3E8D4D59208F010C00FE36E1 /* Sources */ = {
			isa = PBXSourcesBuildPhase;
			buildActionMask = 2147483647;
			files = (
				3E8D4D62208F010C00FE36E1 /* DotTapTests.swift in Sources */,
				3E332E8E20917C6A001AB310 /* DotSheetResetModelTests.swift in Sources */,
				3E332EA72091F105001AB310 /* DotFactoryTests.swift in Sources */,
				3E332EA22091EAAF001AB310 /* DotButtonModelTests.swift in Sources */,
				3E3AD4102090844900F1347A /* DotSheetModelTests.swift in Sources */,
				3E332E9020919838001AB310 /* DotSheetModelFactoryTestDouble.swift in Sources */,
				3E332EAA2091F170001AB310 /* ColorRepositoryTests.swift in Sources */,
				35C02D94C449EA44364CB7AD /* DotSheetTestDouble.swift in Sources */,
				35C0211ED18E2EBBCB06F9C3 /* UsingColorModelTests.swift in Sources */,
				35C0233E975C4949CF1A1E72 /* ColorRepositoryTestDouble.swift in Sources */,
				35C02DE7326649F35542E178 /* DotButtonCountModelTestDouble.swift in Sources */,
				35C024DA5E192C17DF05ADF9 /* DotButtonCountModelTests.swift in Sources */,
				35C02D833B8CD70AD8732660 /* DotButtonColorFactoryTests.swift in Sources */,
				35C0223F0877BFD933028C8C /* DotButtonColorModelTestDouble.swift in Sources */,
				35C02DCD375143601C24F360 /* UsingColorModelTestDouble.swift in Sources */,
			);
			runOnlyForDeploymentPostprocessing = 0;
		};
		3E8D4D64208F010C00FE36E1 /* Sources */ = {
			isa = PBXSourcesBuildPhase;
			buildActionMask = 2147483647;
			files = (
				3E8D4D6D208F010C00FE36E1 /* DotTapUITests.swift in Sources */,
			);
			runOnlyForDeploymentPostprocessing = 0;
		};
/* End PBXSourcesBuildPhase section */

/* Begin PBXTargetDependency section */
		3E8D4D5F208F010C00FE36E1 /* PBXTargetDependency */ = {
			isa = PBXTargetDependency;
			target = 3E8D4D48208F010C00FE36E1 /* DotTap */;
			targetProxy = 3E8D4D5E208F010C00FE36E1 /* PBXContainerItemProxy */;
		};
		3E8D4D6A208F010C00FE36E1 /* PBXTargetDependency */ = {
			isa = PBXTargetDependency;
			target = 3E8D4D48208F010C00FE36E1 /* DotTap */;
			targetProxy = 3E8D4D69208F010C00FE36E1 /* PBXContainerItemProxy */;
		};
/* End PBXTargetDependency section */

/* Begin PBXVariantGroup section */
		3E8D4D50208F010C00FE36E1 /* Main.storyboard */ = {
			isa = PBXVariantGroup;
			children = (
				3E8D4D51208F010C00FE36E1 /* Base */,
			);
			name = Main.storyboard;
			sourceTree = "<group>";
		};
		3E8D4D55208F010C00FE36E1 /* LaunchScreen.storyboard */ = {
			isa = PBXVariantGroup;
			children = (
				3E8D4D56208F010C00FE36E1 /* Base */,
			);
			name = LaunchScreen.storyboard;
			sourceTree = "<group>";
		};
/* End PBXVariantGroup section */

/* Begin XCBuildConfiguration section */
		3E8D4D6F208F010D00FE36E1 /* Debug */ = {
			isa = XCBuildConfiguration;
			buildSettings = {
				ALWAYS_SEARCH_USER_PATHS = NO;
				CLANG_ANALYZER_NONNULL = YES;
				CLANG_ANALYZER_NUMBER_OBJECT_CONVERSION = YES_AGGRESSIVE;
				CLANG_CXX_LANGUAGE_STANDARD = "gnu++14";
				CLANG_CXX_LIBRARY = "libc++";
				CLANG_ENABLE_MODULES = YES;
				CLANG_ENABLE_OBJC_ARC = YES;
				CLANG_WARN_BLOCK_CAPTURE_AUTORELEASING = YES;
				CLANG_WARN_BOOL_CONVERSION = YES;
				CLANG_WARN_COMMA = YES;
				CLANG_WARN_CONSTANT_CONVERSION = YES;
				CLANG_WARN_DIRECT_OBJC_ISA_USAGE = YES_ERROR;
				CLANG_WARN_DOCUMENTATION_COMMENTS = YES;
				CLANG_WARN_EMPTY_BODY = YES;
				CLANG_WARN_ENUM_CONVERSION = YES;
				CLANG_WARN_INFINITE_RECURSION = YES;
				CLANG_WARN_INT_CONVERSION = YES;
				CLANG_WARN_NON_LITERAL_NULL_CONVERSION = YES;
				CLANG_WARN_OBJC_LITERAL_CONVERSION = YES;
				CLANG_WARN_OBJC_ROOT_CLASS = YES_ERROR;
				CLANG_WARN_RANGE_LOOP_ANALYSIS = YES;
				CLANG_WARN_STRICT_PROTOTYPES = YES;
				CLANG_WARN_SUSPICIOUS_MOVE = YES;
				CLANG_WARN_UNGUARDED_AVAILABILITY = YES_AGGRESSIVE;
				CLANG_WARN_UNREACHABLE_CODE = YES;
				CLANG_WARN__DUPLICATE_METHOD_MATCH = YES;
				CODE_SIGN_IDENTITY = "iPhone Developer";
				COPY_PHASE_STRIP = NO;
				DEBUG_INFORMATION_FORMAT = dwarf;
				ENABLE_STRICT_OBJC_MSGSEND = YES;
				ENABLE_TESTABILITY = YES;
				GCC_C_LANGUAGE_STANDARD = gnu11;
				GCC_DYNAMIC_NO_PIC = NO;
				GCC_NO_COMMON_BLOCKS = YES;
				GCC_OPTIMIZATION_LEVEL = 0;
				GCC_PREPROCESSOR_DEFINITIONS = (
					"DEBUG=1",
					"$(inherited)",
				);
				GCC_WARN_64_TO_32_BIT_CONVERSION = YES;
				GCC_WARN_ABOUT_RETURN_TYPE = YES_ERROR;
				GCC_WARN_UNDECLARED_SELECTOR = YES;
				GCC_WARN_UNINITIALIZED_AUTOS = YES_AGGRESSIVE;
				GCC_WARN_UNUSED_FUNCTION = YES;
				GCC_WARN_UNUSED_VARIABLE = YES;
				IPHONEOS_DEPLOYMENT_TARGET = 11.2;
				MTL_ENABLE_DEBUG_INFO = YES;
				ONLY_ACTIVE_ARCH = YES;
				SDKROOT = iphoneos;
				SWIFT_ACTIVE_COMPILATION_CONDITIONS = DEBUG;
				SWIFT_OPTIMIZATION_LEVEL = "-Onone";
			};
			name = Debug;
		};
		3E8D4D70208F010D00FE36E1 /* Release */ = {
			isa = XCBuildConfiguration;
			buildSettings = {
				ALWAYS_SEARCH_USER_PATHS = NO;
				CLANG_ANALYZER_NONNULL = YES;
				CLANG_ANALYZER_NUMBER_OBJECT_CONVERSION = YES_AGGRESSIVE;
				CLANG_CXX_LANGUAGE_STANDARD = "gnu++14";
				CLANG_CXX_LIBRARY = "libc++";
				CLANG_ENABLE_MODULES = YES;
				CLANG_ENABLE_OBJC_ARC = YES;
				CLANG_WARN_BLOCK_CAPTURE_AUTORELEASING = YES;
				CLANG_WARN_BOOL_CONVERSION = YES;
				CLANG_WARN_COMMA = YES;
				CLANG_WARN_CONSTANT_CONVERSION = YES;
				CLANG_WARN_DIRECT_OBJC_ISA_USAGE = YES_ERROR;
				CLANG_WARN_DOCUMENTATION_COMMENTS = YES;
				CLANG_WARN_EMPTY_BODY = YES;
				CLANG_WARN_ENUM_CONVERSION = YES;
				CLANG_WARN_INFINITE_RECURSION = YES;
				CLANG_WARN_INT_CONVERSION = YES;
				CLANG_WARN_NON_LITERAL_NULL_CONVERSION = YES;
				CLANG_WARN_OBJC_LITERAL_CONVERSION = YES;
				CLANG_WARN_OBJC_ROOT_CLASS = YES_ERROR;
				CLANG_WARN_RANGE_LOOP_ANALYSIS = YES;
				CLANG_WARN_STRICT_PROTOTYPES = YES;
				CLANG_WARN_SUSPICIOUS_MOVE = YES;
				CLANG_WARN_UNGUARDED_AVAILABILITY = YES_AGGRESSIVE;
				CLANG_WARN_UNREACHABLE_CODE = YES;
				CLANG_WARN__DUPLICATE_METHOD_MATCH = YES;
				CODE_SIGN_IDENTITY = "iPhone Developer";
				COPY_PHASE_STRIP = NO;
				DEBUG_INFORMATION_FORMAT = "dwarf-with-dsym";
				ENABLE_NS_ASSERTIONS = NO;
				ENABLE_STRICT_OBJC_MSGSEND = YES;
				GCC_C_LANGUAGE_STANDARD = gnu11;
				GCC_NO_COMMON_BLOCKS = YES;
				GCC_WARN_64_TO_32_BIT_CONVERSION = YES;
				GCC_WARN_ABOUT_RETURN_TYPE = YES_ERROR;
				GCC_WARN_UNDECLARED_SELECTOR = YES;
				GCC_WARN_UNINITIALIZED_AUTOS = YES_AGGRESSIVE;
				GCC_WARN_UNUSED_FUNCTION = YES;
				GCC_WARN_UNUSED_VARIABLE = YES;
				IPHONEOS_DEPLOYMENT_TARGET = 11.2;
				MTL_ENABLE_DEBUG_INFO = NO;
				SDKROOT = iphoneos;
				SWIFT_OPTIMIZATION_LEVEL = "-Owholemodule";
				VALIDATE_PRODUCT = YES;
			};
			name = Release;
		};
		3E8D4D72208F010D00FE36E1 /* Debug */ = {
			isa = XCBuildConfiguration;
			buildSettings = {
				ASSETCATALOG_COMPILER_APPICON_NAME = AppIcon;
				CODE_SIGN_STYLE = Automatic;
				FRAMEWORK_SEARCH_PATHS = (
					"$(inherited)",
					"$(PROJECT_DIR)/Carthage/Build/iOS",
				);
				INFOPLIST_FILE = "$(SRCROOT)/DotTap/Info.plist";
				LD_RUNPATH_SEARCH_PATHS = "$(inherited) @executable_path/Frameworks";
				PRODUCT_BUNDLE_IDENTIFIER = com.yokoyas000.DotTap;
				PRODUCT_NAME = "$(TARGET_NAME)";
				SWIFT_VERSION = 4.0;
				TARGETED_DEVICE_FAMILY = "1,2";
			};
			name = Debug;
		};
		3E8D4D73208F010D00FE36E1 /* Release */ = {
			isa = XCBuildConfiguration;
			buildSettings = {
				ASSETCATALOG_COMPILER_APPICON_NAME = AppIcon;
				CODE_SIGN_STYLE = Automatic;
				FRAMEWORK_SEARCH_PATHS = (
					"$(inherited)",
					"$(PROJECT_DIR)/Carthage/Build/iOS",
				);
				INFOPLIST_FILE = "$(SRCROOT)/DotTap/Info.plist";
				LD_RUNPATH_SEARCH_PATHS = "$(inherited) @executable_path/Frameworks";
				PRODUCT_BUNDLE_IDENTIFIER = com.yokoyas000.DotTap;
				PRODUCT_NAME = "$(TARGET_NAME)";
				SWIFT_VERSION = 4.0;
				TARGETED_DEVICE_FAMILY = "1,2";
			};
			name = Release;
		};
		3E8D4D75208F010D00FE36E1 /* Debug */ = {
			isa = XCBuildConfiguration;
			buildSettings = {
				ALWAYS_EMBED_SWIFT_STANDARD_LIBRARIES = YES;
				BUNDLE_LOADER = "$(TEST_HOST)";
				CODE_SIGN_STYLE = Automatic;
				FRAMEWORK_SEARCH_PATHS = (
					"$(inherited)",
					"$(PROJECT_DIR)/Carthage/Build/iOS",
				);
				INFOPLIST_FILE = DotTapTests/Info.plist;
				LD_RUNPATH_SEARCH_PATHS = "$(inherited) @executable_path/Frameworks @loader_path/Frameworks";
				PRODUCT_BUNDLE_IDENTIFIER = com.yokoyas000.DotTapTests;
				PRODUCT_NAME = "$(TARGET_NAME)";
				SWIFT_VERSION = 4.0;
				TARGETED_DEVICE_FAMILY = "1,2";
				TEST_HOST = "$(BUILT_PRODUCTS_DIR)/DotTap.app/DotTap";
			};
			name = Debug;
		};
		3E8D4D76208F010D00FE36E1 /* Release */ = {
			isa = XCBuildConfiguration;
			buildSettings = {
				ALWAYS_EMBED_SWIFT_STANDARD_LIBRARIES = YES;
				BUNDLE_LOADER = "$(TEST_HOST)";
				CODE_SIGN_STYLE = Automatic;
				FRAMEWORK_SEARCH_PATHS = (
					"$(inherited)",
					"$(PROJECT_DIR)/Carthage/Build/iOS",
				);
				INFOPLIST_FILE = DotTapTests/Info.plist;
				LD_RUNPATH_SEARCH_PATHS = "$(inherited) @executable_path/Frameworks @loader_path/Frameworks";
				PRODUCT_BUNDLE_IDENTIFIER = com.yokoyas000.DotTapTests;
				PRODUCT_NAME = "$(TARGET_NAME)";
				SWIFT_VERSION = 4.0;
				TARGETED_DEVICE_FAMILY = "1,2";
				TEST_HOST = "$(BUILT_PRODUCTS_DIR)/DotTap.app/DotTap";
			};
			name = Release;
		};
		3E8D4D78208F010D00FE36E1 /* Debug */ = {
			isa = XCBuildConfiguration;
			buildSettings = {
				ALWAYS_EMBED_SWIFT_STANDARD_LIBRARIES = YES;
				CODE_SIGN_STYLE = Automatic;
				INFOPLIST_FILE = DotTapUITests/Info.plist;
				LD_RUNPATH_SEARCH_PATHS = "$(inherited) @executable_path/Frameworks @loader_path/Frameworks";
				PRODUCT_BUNDLE_IDENTIFIER = com.yokoyas000.DotTapUITests;
				PRODUCT_NAME = "$(TARGET_NAME)";
				SWIFT_VERSION = 4.0;
				TARGETED_DEVICE_FAMILY = "1,2";
				TEST_TARGET_NAME = DotTap;
			};
			name = Debug;
		};
		3E8D4D79208F010D00FE36E1 /* Release */ = {
			isa = XCBuildConfiguration;
			buildSettings = {
				ALWAYS_EMBED_SWIFT_STANDARD_LIBRARIES = YES;
				CODE_SIGN_STYLE = Automatic;
				INFOPLIST_FILE = DotTapUITests/Info.plist;
				LD_RUNPATH_SEARCH_PATHS = "$(inherited) @executable_path/Frameworks @loader_path/Frameworks";
				PRODUCT_BUNDLE_IDENTIFIER = com.yokoyas000.DotTapUITests;
				PRODUCT_NAME = "$(TARGET_NAME)";
				SWIFT_VERSION = 4.0;
				TARGETED_DEVICE_FAMILY = "1,2";
				TEST_TARGET_NAME = DotTap;
			};
			name = Release;
		};
/* End XCBuildConfiguration section */

/* Begin XCConfigurationList section */
		3E8D4D44208F010C00FE36E1 /* Build configuration list for PBXProject "DotTap" */ = {
			isa = XCConfigurationList;
			buildConfigurations = (
				3E8D4D6F208F010D00FE36E1 /* Debug */,
				3E8D4D70208F010D00FE36E1 /* Release */,
			);
			defaultConfigurationIsVisible = 0;
			defaultConfigurationName = Release;
		};
		3E8D4D71208F010D00FE36E1 /* Build configuration list for PBXNativeTarget "DotTap" */ = {
			isa = XCConfigurationList;
			buildConfigurations = (
				3E8D4D72208F010D00FE36E1 /* Debug */,
				3E8D4D73208F010D00FE36E1 /* Release */,
			);
			defaultConfigurationIsVisible = 0;
			defaultConfigurationName = Release;
		};
		3E8D4D74208F010D00FE36E1 /* Build configuration list for PBXNativeTarget "DotTapTests" */ = {
			isa = XCConfigurationList;
			buildConfigurations = (
				3E8D4D75208F010D00FE36E1 /* Debug */,
				3E8D4D76208F010D00FE36E1 /* Release */,
			);
			defaultConfigurationIsVisible = 0;
			defaultConfigurationName = Release;
		};
		3E8D4D77208F010D00FE36E1 /* Build configuration list for PBXNativeTarget "DotTapUITests" */ = {
			isa = XCConfigurationList;
			buildConfigurations = (
				3E8D4D78208F010D00FE36E1 /* Debug */,
				3E8D4D79208F010D00FE36E1 /* Release */,
			);
			defaultConfigurationIsVisible = 0;
			defaultConfigurationName = Release;
		};
/* End XCConfigurationList section */
	};
	rootObject = 3E8D4D41208F010C00FE36E1 /* Project object */;
}
